github.com/BurntSushi/toml v0.3.1 h1:WXkYYl6Yr3qBf1K79EBnL4mak0OimBfB0XUf9Vl28OQ=
github.com/BurntSushi/toml v0.3.1/go.mod h1:xHWCNGjB5oqiDr8zfno3MHue2Ht5sIBksp03qcyfWMU=
github.com/ajg/form v0.0.0-20160802194845-cc2954064ec9 h1:fJ4XPqxuZfm11zauw9XX7c30P8xwDyucdWu8H6Htrxs=
github.com/ajg/form v0.0.0-20160802194845-cc2954064ec9/go.mod h1:uL1WgH+h2mgNtvBq0339dVnzXdBETtL2LeUXaIv25UY=
github.com/cockroachdb/cockroach-go v0.0.0-20171023190733-0d8b4682f140 h1:CiB+tTs/CA1D+JqppUJG/ZNZWPZRB6nQOkN5TdVTpo8=
github.com/cockroachdb/cockroach-go v0.0.0-20171023190733-0d8b4682f140/go.mod h1:XGLbWH/ujMcbPbhZq52Nv6UrCghb1yGn//133kEsvDk=
github.com/codegangsta/negroni v1.0.0 h1:+aYywywx4bnKXWvoWtRfJ91vC59NbEhEY03sZjQhbVY=
github.com/codegangsta/negroni v1.0.0/go.mod h1:v0y3T5G7Y1UlFfyxFn/QLRU4a2EuNau2iZY63YTKWo0=
github.com/davecgh/go-spew v1.1.0 h1:ZDRjVQ15GmhC3fiQ8ni8+OwkZQO4DARzQgrnXU1Liz8=
github.com/davecgh/go-spew v1.1.0/go.mod h1:J7Y8YcW2NihsgmVo/mv3lAwl/skON4iLHjSsI+c5H38=
github.com/daviddengcn/go-colortext v0.0.0-20171126034257-17e75f6184bc h1:nqMZEdowWmtK9ysqvFibHJ56mTprkyE5c/6q8ZHwLc0=
github.com/daviddengcn/go-colortext v0.0.0-20171126034257-17e75f6184bc/go.mod h1:dv4zxwHi5C/8AeI+4gX4dCWOIvNi7I6JCSX0HvlKPgE=
github.com/dustin/go-humanize v0.0.0-20171111073723-bb3d318650d4 h1:qk/FSDDxo05wdJH28W+p5yivv7LuLYLRXPPD8KQCtZs=
github.com/dustin/go-humanize v0.0.0-20171111073723-bb3d318650d4/go.mod h1:HtrtbFcZ19U5GC7JDqmcUSB87Iq5E25KnS6fMYU6eOk=
github.com/fatih/color v1.5.0 h1:vBh+kQp8lg9XPr56u1CPrWjFXtdphMoGWVHr9/1c+A0=
github.com/fatih/color v1.5.0/go.mod h1:Zm6kSWBoL9eyXnKyktHP6abPY2pDugNf5KwzbycvMj4=
github.com/fatih/structs v1.0.0 h1:BrX964Rv5uQ3wwS+KRUAJCBBw5PQmgJfJ6v4yly5QwU=
github.com/fatih/structs v1.0.0/go.mod h1:9NiDSp5zOcgEDl+j00MP/WkGVPOlPRLejGD8Ga6PJ7M=
github.com/fsnotify/fsnotify v1.4.7 h1:IXs+QLmnXW2CcXuY+8Mzv/fWEsPGWxqefPtCP5CnV9I=
github.com/fsnotify/fsnotify v1.4.7/go.mod h1:jwhsz4b93w/PPRr/qN1Yymfu8t87LnFCMoQvtojpjFo=
github.com/go-sql-driver/mysql v1.3.0 h1:pgwjLi/dvffoP9aabwkT3AKpXQM93QARkjFhDDqC1UE=
github.com/go-sql-driver/mysql v1.3.0/go.mod h1:zAC/RDZ24gD3HViQzih4MyKcchzm+sOG5ZlKdlhCg5w=
github.com/gobuffalo/buffalo v0.10.3 h1:laHZRttZ8x7JbhZyv5DD3/Wzv8VVdwzewkSxLKJru3I=
github.com/gobuffalo/buffalo v0.10.3/go.mod h1:7QwMJn1yAZ9karZ3PFJS3fl99uOLiK3WvMxsvceOJlg=
github.com/gobuffalo/envy v1.3.0 h1:rISG97hQU4jCFNSNhew/Pc6R9F7cULWL299S7hdW2c4=
github.com/gobuffalo/envy v1.3.0/go.mod h1:gOxUQY+OEwqH1a2m25Sqax1GIhj31tPNOIdFzj8QThs=
github.com/gobuffalo/packr v1.11.0 h1:lxysfHcxVCWGNMHzKABP7ZEL3A7iIVYfkev/D7AR0aM=
github.com/gobuffalo/packr v1.11.0/go.mod h1:rYwMLC6NXbAbkKb+9j3NTKbxSswkKLlelZYccr4HYVw=
github.com/gobuffalo/plush v3.6.10+incompatible h1:M6KK1U6jDaw/cbZtqp4HmnGiroGXDPunipDlLoLm2oM=
github.com/gobuffalo/plush v3.6.10+incompatible/go.mod h1:rQ4zdtUUyZNqULlc6bqd5scsPfLKfT0+TGMChgduDvI=
github.com/gobuffalo/suite v0.0.0-20171025162628-985d7acf9588 h1:uPl4d0TcV4Ojq53ctHxKf0G/3B+G67jameZEmHZ+nO0=
github.com/gobuffalo/suite v0.0.0-20171025162628-985d7acf9588/go.mod h1:VCaZ8EgrnJKbt0QGkrEKIMsJlWFxMXWYSHXqjH2UJJE=
github.com/gobuffalo/tags v1.9.5 h1:1+cGrsJQ8qjnzE1dkblBfexeXShPlTLR/Eb1Yl07jno=
github.com/gobuffalo/tags v1.9.5/go.mod h1:9XmhOkyaB7UzvuY4UoZO4s67q8/xRMVJEaakauVQYeY=
github.com/gobuffalo/x v0.0.0-20180117215853-11ca13c05abd h1:0AiAe/jaKqMCar/zjOQFewW33iOLsCD6lPbqYlTcr2Q=
github.com/gobuffalo/x v0.0.0-20180117215853-11ca13c05abd/go.mod h1:WevpGD+5YOreDJznWevcn8NTmQEW5STSBgIkpkjzqXc=
github.com/golang/protobuf v1.2.0 h1:P3YflyNX/ehuJFLhxviNdFxQPkGK5cDcApsge1SqnvM=
github.com/golang/protobuf v1.2.0/go.mod h1:6lQm79b+lXiMfvg/cZm0SGofjICqVBUtrP5yJMmIC1U=
github.com/golangplus/bytes v0.0.0-20160111154220-45c989fe5450 h1:7xqw01UYS+KCI25bMrPxwNYkSns2Db1ziQPpVq99FpE=
github.com/golangplus/bytes v0.0.0-20160111154220-45c989fe5450/go.mod h1:Bk6SMAONeMXrxql8uvOKuAZSu8aM5RUGv+1C6IJaEho=
github.com/golangplus/fmt v0.0.0-20150411045040-2a5d6d7d2995 h1:f5gsjBiF9tRRVomCvrkGMMWI8W1f2OBFar2c5oakAP0=
github.com/golangplus/fmt v0.0.0-20150411045040-2a5d6d7d2995/go.mod h1:lJgMEyOkYFkPcDKwRXegd+iM6E7matEszMG5HhwytU8=
github.com/golangplus/testing v0.0.0-20180327235837-af21d9c3145e h1:KhcknUwkWHKZPbFy2P7jH5LKJ3La+0ZeknkkmrSgqb0=
github.com/golangplus/testing v0.0.0-20180327235837-af21d9c3145e/go.mod h1:0AA//k/eakGydO4jKRoRL2j92ZKSzTgj9tclaCrvXHk=
github.com/gorilla/context v0.0.0-20160226214623-1ea25387ff6f h1:9oNbS1z4rVpbnkHBdPZU4jo9bSmrLpII768arSyMFgk=
github.com/gorilla/context v0.0.0-20160226214623-1ea25387ff6f/go.mod h1:kBGZzfjB9CEq2AlWe17Uuf7NDRt0dE0s8S51q0aT7Yg=
github.com/gorilla/mux v1.6.1 h1:KOwqsTYZdeuMacU7CxjMNYEKeBvLbxW+psodrbcEa3A=
github.com/gorilla/mux v1.6.1/go.mod h1:1lud6UwP+6orDFRuTfBEV8e9/aOM/c4fVVCaMa2zaAs=
github.com/gorilla/pat v1.0.1 h1:OeSoj6sffw4/majibAY2BAUsXjNP7fEE+w30KickaL4=
github.com/gorilla/pat v1.0.1/go.mod h1:YeAe0gNeiNT5hoiZRI4yiOky6jVdNvfO2N6Kav/HmxY=
github.com/gorilla/securecookie v0.0.0-20160422134519-667fe4e3466a h1:YH0IojQwndMQdeRWdw1aPT8bkbiWaYR3WD+Zf5e09DU=
github.com/gorilla/securecookie v0.0.0-20160422134519-667fe4e3466a/go.mod h1:ra0sb63/xPlUeL+yeDciTfxMRAA+MP+HVt/4epWDjd4=
github.com/gorilla/sessions v0.0.0-20160922145804-ca9ada445741 h1:OuuPl66BpF1q3OEkaPpp+VfzxrBBY62ATGdWqql/XX8=
github.com/gorilla/sessions v0.0.0-20160922145804-ca9ada445741/go.mod h1:+WVp8kdw6VhyKExm03PAMRn2ZxnPtm58pV0dBVPdhHE=
github.com/gorilla/websocket v1.2.0 h1:VJtLvh6VQym50czpZzx07z/kw9EgAxI3x1ZB8taTMQQ=
github.com/gorilla/websocket v1.2.0/go.mod h1:E7qHFY5m1UJ88s3WnNqhKjPHQ0heANvMoAMk2YaljkQ=
github.com/hpcloud/tail v1.0.0 h1:nfCOvKYfkgYP8hkirhJocXT2+zOD8yUNjXaWfTlyFKI=
github.com/hpcloud/tail v1.0.0/go.mod h1:ab1qPbhIpdTxEkNHXyeSf5vhxWSCs/tWer42PpOxQnU=
github.com/jmoiron/sqlx v0.0.0-20180124204410-05cef0741ade h1:ryslCsfLTV4Cm/9NXqCJirlbYodWqFiTH454IaSn/fY=
github.com/jmoiron/sqlx v0.0.0-20180124204410-05cef0741ade/go.mod h1:IiEW3SEiiErVyFdH8NTuWjSifiEQKUoyK3LNqr2kCHU=
github.com/joho/godotenv v1.2.0 h1:vGTvz69FzUFp+X4/bAkb0j5BoLC+9bpqTWY8mjhA9pc=
github.com/joho/godotenv v1.2.0/go.mod h1:7hK45KPybAkOC6peb+G5yklZfMxEjkZhHbwpqxOKXbg=
github.com/kr/pretty v0.1.0 h1:L/CwN0zerZDmRFUapSPitk6f+Q3+0za1rQkzVuMiMFI=
github.com/kr/pretty v0.1.0/go.mod h1:dAy3ld7l9f0ibDNOQOHHMYYIIbhfbHSm3C4ZsoJORNo=
github.com/kr/pty v1.1.1/go.mod h1:pFQYn66WHrOpPYNljwOMqo10TkYh1fy3cYio2l3bCsQ=
github.com/kr/text v0.1.0 h1:45sCR5RtlFHMR4UwH9sdQ5TC8v0qDQCHnXt+kaKSTVE=
github.com/kr/text v0.1.0/go.mod h1:4Jbv+DJW3UT/LiOwJeYQe1efqtUx/iVham/4vfdArNI=
github.com/lib/pq v0.0.0-20180123210206-19c8e9ad0095 h1:Do4XI4HSm+8jdo6z1Zk0CQDgqoAMwWew3ksTcDDSWiA=
github.com/lib/pq v0.0.0-20180123210206-19c8e9ad0095/go.mod h1:5WUZQaWbwv1U+lTReE5YruASi9Al49XbQIvNi/34Woo=
github.com/markbates/going v1.0.1 h1:IFDakPS7ROqx1rESYPSZmURUTwI4HWuM5waQIFCUZZQ=
github.com/markbates/going v1.0.1/go.mod h1:I6mnB4BPnEeqo85ynXIx1ZFLLbtiLHNXVgWeFO9OGOA=
github.com/markbates/grift v0.0.0-20180108173051-5499956ce4d9 h1:DeUbd3oJ4LV5xOqownN6eyHd4o3DQ4HfMPDLlskvpIo=
github.com/markbates/grift v0.0.0-20180108173051-5499956ce4d9/go.mod h1:6qyNEZSY8v6duE2tBtO/tPgBvxhT7g7DnQoIYpEyCfw=
github.com/markbates/hmax v1.0.0 h1:yo2N0gBoCnUMKhV/VRLHomT6Y9wUm+oQQENuWJqCdlM=
github.com/markbates/hmax v1.0.0/go.mod h1:cOkR9dktiESxIMu+65oc/r/bdY4bE8zZw3OLhLx0X2c=
github.com/markbates/inflect v0.0.0-20171215194931-a12c3aec81a6 h1:LZhVjIISSbj8qLf2qDPP0D8z0uvOWAW5C85ly5mJW6c=
github.com/markbates/inflect v0.0.0-20171215194931-a12c3aec81a6/go.mod h1:oTeZL2KHA7CUX6X+fovmK9OvIOFuqu0TwdQrZjLTh88=
github.com/markbates/pop v3.41.7-0.20180125185406-8fe55efdc73b+incompatible h1:KQWyYbaNMa+tFc4Odzl04gkyw09XOtZBBXeuOqsezGk=
github.com/markbates/pop v3.41.7-0.20180125185406-8fe55efdc73b+incompatible/go.mod h1:YIVs9IC2pKtxfoIdEd5m2eBbi/DHeo1J8P+ZI4Q9HHo=
github.com/markbates/refresh v1.3.3 h1:1n72ptoKn1CnFrpSlnaw3neVTs9Q0rNL5t2NK2VxpSA=
github.com/markbates/refresh v1.3.3/go.mod h1:xWjR/+FKn9iubJ2zjbnsJE7ChlI/kwxdPJv0JUSO1oo=
github.com/markbates/sigtx v1.0.0 h1:y/xtkBvNPRjD4KeEplf4w9rJVSc23/xl+jXYGowTwy0=
github.com/markbates/sigtx v1.0.0/go.mod h1:QF1Hv6Ic6Ca6W+T+DL0Y/ypborFKyvUY9HmuCD4VeTc=
github.com/markbates/validate v1.0.0 h1:S8c3GX3EJScCYy0SXaktwPTrqY8a6TlekYxcq4jHvsg=
github.com/markbates/validate v1.0.0/go.mod h1:Um20kS5He4vfMjIo8ywA9/Lv1bz9j+GWD1Rf0Xo0Fm4=
github.com/markbates/willie v0.0.0-20180103212134-581acce3ce06 h1:DsSBYdWYNto9zB5zJr9XZilui3tjqSMZU5Qd8XRqHVI=
github.com/markbates/willie v0.0.0-20180103212134-581acce3ce06/go.mod h1:XtK+fmQ7tgVMIVAS1ghwuqVPup3GtgrNY3UCvUlPdzM=
github.com/mattn/anko v0.0.0-20180123002410-02ff8d4bfeac h1:2CW8qrXdzvxjUmqeTUMHAy7nKA/GwTGM0mD91c3RgFg=
github.com/mattn/anko v0.0.0-20180123002410-02ff8d4bfeac/go.mod h1:C5D2zw4NIv/sB2SrQ3qs5wqPw0wKiA2GZqexy4ctNH0=
github.com/mattn/go-colorable v0.0.9 h1:UVL0vNpWh04HeJXV0KLcaT7r06gOH2l4OW6ddYRUIY4=
github.com/mattn/go-colorable v0.0.9/go.mod h1:9vuHe8Xs5qXnSaW/c/ABM9alt+Vo+STaOChaDxuIBZU=
github.com/mattn/go-isatty v0.0.3 h1:ns/ykhmWi7G9O+8a448SecJU3nSMBXJfqQkl0upE1jI=
github.com/mattn/go-isatty v0.0.3/go.mod h1:M+lRXTBqGeGNdLjl/ufCoiOlB5xdOkqRJdNxMWT7Zi4=
github.com/mattn/go-sqlite3 v1.6.0 h1:TDwTWbeII+88Qy55nWlof0DclgAtI4LqGujkYMzmQII=
github.com/mattn/go-sqlite3 v1.6.0/go.mod h1:FPy6KqzDD04eiIsT53CuJW3U88zkxoIYsOqkbpncsNc=
github.com/microcosm-cc/bluemonday v0.0.0-20171222152607-542fd4642604 h1:BbG6VMVavjbhIsD7Hoscfz+wExp1hY+pmk+7Agc4J74=
github.com/microcosm-cc/bluemonday v0.0.0-20171222152607-542fd4642604/go.mod h1:hsXNsILzKxV+sX77C5b8FSuKF00vh2OMYv+xgHpAMF4=
github.com/mitchellh/go-homedir v0.0.0-20161203194507-b8bc1bf76747 h1:eQox4Rh4ewJF+mqYPxCkmBAirRnPaHEB26UkNuPyjlk=
github.com/mitchellh/go-homedir v0.0.0-20161203194507-b8bc1bf76747/go.mod h1:SfyaCUpYCn1Vlf4IUYiD9fPX4A5wJrkLzIz1N1q0pr0=
github.com/monoculum/formam v0.0.0-20170619223434-99ca9dcbaca6 h1:7HrW8yWJwvJBlfIsITNtkInQ8AgVUuSzrUm20AtBCkg=
github.com/monoculum/formam v0.0.0-20170619223434-99ca9dcbaca6/go.mod h1:RKgILGEJq24YyJ2ban8EO0RUVSJlF1pGsEvoLEACr/Q=
github.com/nicksnyder/go-i18n v1.10.0 h1:5AzlPKvXBH4qBzmZ09Ua9Gipyruv6uApMcrNZdo96+Q=
github.com/nicksnyder/go-i18n v1.10.0/go.mod h1:HrK7VCrbOvQoUAQ7Vpy7i87N7JZZZ7R2xBGjv0j365Q=
github.com/onsi/ginkgo v1.6.0/go.mod h1:lLunBs/Ym6LB5Z9jYTR76FiuTmxDTDusOGeTQH+WWjE=
github.com/onsi/ginkgo v1.10.3 h1:OoxbjfXVZyod1fmWYhI7SEyaD8B00ynP3T+D5GiyHOY=
github.com/onsi/ginkgo v1.10.3/go.mod h1:lLunBs/Ym6LB5Z9jYTR76FiuTmxDTDusOGeTQH+WWjE=
github.com/onsi/gomega v1.7.1 h1:K0jcRCwNQM3vFGh1ppMtDh/+7ApJrjldlX8fA0jDTLQ=
github.com/onsi/gomega v1.7.1/go.mod h1:XdKZgCCFLUoM/7CFJVPcG8C1xQ1AJ0vpAezJrB7JYyY=
github.com/pelletier/go-toml v1.1.0 h1:cmiOvKzEunMsAxyhXSzpL5Q1CRKpVv0KQsnAIcSEVYM=
github.com/pelletier/go-toml v1.1.0/go.mod h1:5z9KED0ma1S8pY6P1sdut58dfprrGBbd/94hg7ilaic=
github.com/pkg/errors v0.8.0 h1:WdK/asTD0HN+q6hsWO3/vpuAkAr+tw6aNJNDFFf0+qw=
github.com/pkg/errors v0.8.0/go.mod h1:bwawxfHBFNV+L2hUp1rHADufV3IMtnDRdf1r5NINEl0=
github.com/pmezard/go-difflib v1.0.0 h1:4DBwDE0NGyQoBHbLQYPwSUPoCMWR5BEzIk/f1lZbAQM=
github.com/pmezard/go-difflib v1.0.0/go.mod h1:iKH77koFhYxTK1pcRnkKkqfTogsbg7gZNVY4sRDYZ/4=
github.com/russross/blackfriday v0.0.0-20171011182219-6d1ef893fcb0 h1:hgS5QyP981zzGr3UYaoHb5+fpgK1lHleAOq5znvfJxU=
github.com/russross/blackfriday v0.0.0-20171011182219-6d1ef893fcb0/go.mod h1:JO/DiYxRf+HjHt06OyowR9PTA263kcR/rfWxYHBV53g=
github.com/satori/go.uuid v1.2.1-0.20180103174451-36e9d2ebbde5 h1:Jw7W4WMfQDxsXvfeFSaS2cHlY7bAF4MGrgnbd0+Uo78=
github.com/satori/go.uuid v1.2.1-0.20180103174451-36e9d2ebbde5/go.mod h1:dA0hQrYB0VpLJoorglMZABFdXlWrHn1NEOzdhQKdks0=
github.com/serenize/snaker v0.0.0-20171204205717-a683aaf2d516 h1:ofR1ZdrNSkiWcMsRrubK9tb2/SlZVWttAfqUjJi6QYc=
github.com/serenize/snaker v0.0.0-20171204205717-a683aaf2d516/go.mod h1:Yow6lPLSAXx2ifx470yD/nUe22Dv5vBvxK/UK9UUTVs=
github.com/sergi/go-diff v1.0.0 h1:Kpca3qRNrduNnOQeazBd0ysaKrUJiIuISHxogkT9RPQ=
github.com/sergi/go-diff v1.0.0/go.mod h1:0CfEIISq7TuYL3j771MWULgwwjU+GofnZX9QAmXWZgo=
github.com/shurcooL/github_flavored_markdown v0.0.0-20171120162553-28433ea3fc83 h1:c/XJkxWkqKJWyJCMBJpCY39DtDL+ndgJggLEov+Bz3k=
github.com/shurcooL/github_flavored_markdown v0.0.0-20171120162553-28433ea3fc83/go.mod h1:19y9eBxWq15wrq3NRr6osGtk0dkbHhO6uznyrOtrBsE=
github.com/shurcooL/go v0.0.0-20171108033853-004faa6b0118 h1:ygJUdybU9Z/Z7vMcMUL3wyXpYKlXvh8rGElC04RpJqw=
github.com/shurcooL/go v0.0.0-20171108033853-004faa6b0118/go.mod h1:TDJrrUr11Vxrven61rcy3hJMUqaf/CLWYhHNPmT14Lk=
github.com/shurcooL/go-goon v0.0.0-20170922171312-37c2f522c041 h1:llrF3Fs4018ePo4+G/HV/uQUqEI1HMDjCeOf2V6puPc=
github.com/shurcooL/go-goon v0.0.0-20170922171312-37c2f522c041/go.mod h1:N5mDOmsrJOB+vfqUK+7DmDyjhSLIIBnXo9lvZJj3MWQ=
github.com/shurcooL/highlight_diff v0.0.0-20170515013008-09bb4053de1b h1:vYEG87HxbU6dXj5npkeulCS96Dtz5xg3jcfCgpcvbIw=
github.com/shurcooL/highlight_diff v0.0.0-20170515013008-09bb4053de1b/go.mod h1:ZpfEhSmds4ytuByIcDnOLkTHGUI6KNqRNPDLHDk+mUU=
github.com/shurcooL/highlight_go v0.0.0-20170515013102-78fb10f4a5f8 h1:xLQlo0Ghg8zBaQi+tjpK+z/WLjbg/BhAWP9pYgqo/LQ=
github.com/shurcooL/highlight_go v0.0.0-20170515013102-78fb10f4a5f8/go.mod h1:UDKB5a1T23gOMUJrI+uSuH0VRDStOiUVSjBTRDVBVag=
github.com/shurcooL/octiconssvg v0.0.0-20171128004830-38b02129bb64 h1:rzV8vWa7oxvxItkiO4qEXGu3zXuFJr9Td0o98xFrE1E=
github.com/shurcooL/octiconssvg v0.0.0-20171128004830-38b02129bb64/go.mod h1:3KFaTHRnlzMTwupP37biO+4eMAtgmN3c9tJ9A0Wx8fA=
github.com/shurcooL/sanitized_anchor_name v0.0.0-20170918181015-86672fcb3f95 h1:/vdW8Cb7EXrkqWGufVMES1OH2sU9gKVb2n9/1y5NMBY=
github.com/shurcooL/sanitized_anchor_name v0.0.0-20170918181015-86672fcb3f95/go.mod h1:1NzhyTcUVG4SuEtjjoZeVRXNmyL/1OwPU0+IJeTBvfc=
github.com/sirupsen/logrus v1.0.4 h1:gzbtLsZC3Ic5PptoRG+kQj4L60qjK7H7XszrU163JNQ=
github.com/sirupsen/logrus v1.0.4/go.mod h1:pMByvHTf9Beacp5x1UXfOR9xyW/9antXMhjMPG0dEzc=
github.com/sourcegraph/annotate v0.0.0-20160123013949-f4cad6c6324d h1:yKm7XZV6j9Ev6lojP2XaIshpT4ymkqhMeSghO5Ps00E=
github.com/sourcegraph/annotate v0.0.0-20160123013949-f4cad6c6324d/go.mod h1:UdhH50NIW0fCiwBSr0co2m7BnFLdv4fQTgdqdJTHFeE=
github.com/sourcegraph/syntaxhighlight v0.0.0-20170531221838-bd320f5d308e h1:qpG93cPwA5f7s/ZPBJnGOYQNK/vKsaDaseuKT5Asee8=
github.com/sourcegraph/syntaxhighlight v0.0.0-20170531221838-bd320f5d308e/go.mod h1:HuIsMU8RRBOtsCgI77wP899iHVBQpCmg4ErYMZB+2IA=
github.com/stretchr/testify v1.2.0 h1:LThGCOvhuJic9Gyd1VBCkhyUXmO8vKaBFvBsJ2k03rg=
github.com/stretchr/testify v1.2.0/go.mod h1:a8OnRcib4nhh0OaRAV+Yts87kKdq0PP7pXfy6kDkUVs=
github.com/unrolled/secure v0.0.0-20180124184008-5b5ec9db3741 h1:UaJkkOu4L7eAWbocnJNSp6lJXLE2CRSC8CjPf6q9NL4=
github.com/unrolled/secure v0.0.0-20180124184008-5b5ec9db3741/go.mod h1:mnPT77IAdsi/kV7+Es7y+pXALeV3h7G6dQF6mNYjcLA=
golang.org/x/crypto v0.0.0-20180126023034-0efb9460aaf8 h1:Zo2vpU+U5vPbewQu40kiyl+leKUYgBTrzOvNMyak3nI=
golang.org/x/crypto v0.0.0-20180126023034-0efb9460aaf8/go.mod h1:6SG95UA2DQfeDnfUPMdvaQW0Q7yPrPDi9nlGo2tz2b4=
golang.org/x/net v0.0.0-20180906233101-161cd47e91fd h1:nTDtHvHSdCn1m6ITfMRqtOd/9+7a3s8RBNOZ3eYZzJA=
golang.org/x/net v0.0.0-20180906233101-161cd47e91fd/go.mod h1:mL1N/T3taQHkDXs73rZJwtUhF3w3ftmwwsq0BUmARs4=
golang.org/x/sync v0.0.0-20180314180146-1d60e4601c6f h1:wMNYb4v58l5UBM7MYRLPG6ZhfOqbKu7X5eyFl8ZhKvA=
golang.org/x/sync v0.0.0-20180314180146-1d60e4601c6f/go.mod h1:RxMgew5VJxzue5/jJTE5uejpjVlOe/izrB70Jof72aM=
golang.org/x/sys v0.0.0-20180909124046-d0be0721c37e h1:o3PsSEY8E4eXWkXrIP9YJALUkVZqzHJT5DOasTyn8Vs=
golang.org/x/sys v0.0.0-20180909124046-d0be0721c37e/go.mod h1:STP8DvDyc/dI5b8T5hshtkjS+E42TnysNCUPdjciGhY=
golang.org/x/text v0.3.0 h1:g61tztE5qeGQ89tm6NTjjM9VPIm088od1l6aSorWRWg=
golang.org/x/text v0.3.0/go.mod h1:NqM8EUOU14njkJ3fqMW+pc6Ldnwhi/IjpwHt7yyuwOQ=
gopkg.in/airbrake/gobrake.v2 v2.0.9 h1:7z2uVWwn7oVeeugY1DtlPAy5H+KYgB1KeKTnqjNatLo=
gopkg.in/airbrake/gobrake.v2 v2.0.9/go.mod h1:/h5ZAUhDkGaJfjzjKLSjv6zCL6O0LLBxU4K+aSYdM/U=
gopkg.in/asn1-ber.v1 v1.0.0-20170511165959-379148ca0225 h1:JBwmEvLfCqgPcIq8MjVMQxsF3LVL4XG/HH0qiG0+IFY=
gopkg.in/asn1-ber.v1 v1.0.0-20170511165959-379148ca0225/go.mod h1:cuepJuh7vyXfUyUwEgHQXw849cJrilpS5NeIjOWESAw=
gopkg.in/check.v1 v0.0.0-20161208181325-20d25e280405/go.mod h1:Co6ibVJAznAaIkqp8huTwlJQCZ016jof/cbN4VW5Yz0=
gopkg.in/check.v1 v1.0.0-20190902080502-41f04d3bba15 h1:YR8cESwS4TdDjEe65xsg0ogRM/Nc3DYOhEAlW+xobZo=
gopkg.in/check.v1 v1.0.0-20190902080502-41f04d3bba15/go.mod h1:Co6ibVJAznAaIkqp8huTwlJQCZ016jof/cbN4VW5Yz0=
gopkg.in/fsnotify.v1 v1.4.7 h1:xOHLXZwVvI9hhs+cLKq5+I5onOuwQLhQwiu63xxlHs4=
gopkg.in/fsnotify.v1 v1.4.7/go.mod h1:Tz8NjZHkW78fSQdbUxIjBTcgA1z1m8ZHf0WmKUhAMys=
gopkg.in/gemnasium/logrus-airbrake-hook.v2 v2.1.2 h1:OAj3g0cR6Dx/R07QgQe8wkA9RNjB2u4i700xBkIT4e0=
gopkg.in/gemnasium/logrus-airbrake-hook.v2 v2.1.2/go.mod h1:Xk6kEKp8OKb+X14hQBKWaSkCsqBpgog8nAV2xsGOxlo=
gopkg.in/ldap.v2 v2.5.1 h1:wiu0okdNfjlBzg6UWvd1Hn8Y+Ux17/u/4nlk4CQr6tU=
gopkg.in/ldap.v2 v2.5.1/go.mod h1:oI0cpe/D7HRtBQl8aTg+ZmzFUAvu4lsv3eLXMLGFxWk=
gopkg.in/tomb.v1 v1.0.0-20141024135613-dd632973f1e7 h1:uRGJdciOHaEIrze2W8Q3AKkepLTh2hOroT7a+7czfdQ=
gopkg.in/tomb.v1 v1.0.0-20141024135613-dd632973f1e7/go.mod h1:dt/ZhP58zS4L8KSrWDmTeBkI65Dw0HsyUHuEVlX15mw=
gopkg.in/yaml.v2 v2.2.4 h1:/eiJrUcujPVeJ3xlSWaiNi3uSVmDGBK1pDHUHAnao1I=
gopkg.in/yaml.v2 v2.2.4/go.mod h1:hI93XBmqTisBFMUTm0b8Fm+jr3Dg1NNxqwp+5A1VGuI=
